
Microsoft Visual Studio Solution File, Format Version 12.00
# Visual Studio Version 16
VisualStudioVersion = 16.0.28922.388
MinimumVisualStudioVersion = 10.0.40219.1
Project("{9A19103F-16F7-4668-BE54-9A1E7A4F7556}") = "ConsoleGUI.Example", "ConsoleGUI.Example\ConsoleGUI.Example.csproj", "{E8F3510F-8D4A-46B4-8E34-8ABE157C6B7E}"
EndProject
Project("{9A19103F-16F7-4668-BE54-9A1E7A4F7556}") = "ConsoleGUI", "ConsoleGUI\ConsoleGUI.csproj", "{E3D8BC25-7EA1-4F81-9C31-BCF2DCBF77A9}"
EndProject
Project("{9A19103F-16F7-4668-BE54-9A1E7A4F7556}") = "ConsoleGUI.Test", "ConsoleGUI.Test\ConsoleGUI.Test.csproj", "{ABC28308-500E-48E9-AD7E-AA8977370D35}"
EndProject
Project("{9A19103F-16F7-4668-BE54-9A1E7A4F7556}") = "ConsoleGUI.MouseExample", "ConsoleGUI.MouseExample\ConsoleGUI.MouseExample.csproj", "{97B69CAE-3F74-4DEA-86FF-929FC45D3080}"
EndProject
Global
	GlobalSection(SolutionConfigurationPlatforms) = preSolution
		Debug|Any CPU = Debug|Any CPU
		Release|Any CPU = Release|Any CPU
	EndGlobalSection
	GlobalSection(ProjectConfigurationPlatforms) = postSolution
		{E8F3510F-8D4A-46B4-8E34-8ABE157C6B7E}.Debug|Any CPU.ActiveCfg = Debug|Any CPU
		{E8F3510F-8D4A-46B4-8E34-8ABE157C6B7E}.Debug|Any CPU.Build.0 = Debug|Any CPU
		{E8F3510F-8D4A-46B4-8E34-8ABE157C6B7E}.Release|Any CPU.ActiveCfg = Release|Any CPU
		{E8F3510F-8D4A-46B4-8E34-8ABE157C6B7E}.Release|Any CPU.Build.0 = Release|Any CPU
		{E3D8BC25-7EA1-4F81-9C31-BCF2DCBF77A9}.Debug|Any CPU.ActiveCfg = Debug|Any CPU
		{E3D8BC25-7EA1-4F81-9C31-BCF2DCBF77A9}.Debug|Any CPU.Build.0 = Debug|Any CPU
		{E3D8BC25-7EA1-4F81-9C31-BCF2DCBF77A9}.Release|Any CPU.ActiveCfg = Release|Any CPU
		{E3D8BC25-7EA1-4F81-9C31-BCF2DCBF77A9}.Release|Any CPU.Build.0 = Release|Any CPU
		{ABC28308-500E-48E9-AD7E-AA8977370D35}.Debug|Any CPU.ActiveCfg = Debug|Any CPU
		{ABC28308-500E-48E9-AD7E-AA8977370D35}.Debug|Any CPU.Build.0 = Debug|Any CPU
		{ABC28308-500E-48E9-AD7E-AA8977370D35}.Release|Any CPU.ActiveCfg = Release|Any CPU
		{ABC28308-500E-48E9-AD7E-AA8977370D35}.Release|Any CPU.Build.0 = Release|Any CPU
		{97B69CAE-3F74-4DEA-86FF-929FC45D3080}.Debug|Any CPU.ActiveCfg = Debug|Any CPU
		{97B69CAE-3F74-4DEA-86FF-929FC45D3080}.Debug|Any CPU.Build.0 = Debug|Any CPU
		{97B69CAE-3F74-4DEA-86FF-929FC45D3080}.Release|Any CPU.ActiveCfg = Release|Any CPU
		{97B69CAE-3F74-4DEA-86FF-929FC45D3080}.Release|Any CPU.Build.0 = Release|Any CPU
	EndGlobalSection
	GlobalSection(SolutionProperties) = preSolution
		HideSolutionNode = FALSE
	EndGlobalSection
	GlobalSection(ExtensibilityGlobals) = postSolution
		SolutionGuid = {79B9F117-2044-4C5C-96D3-DC719F9319BD}
	EndGlobalSection
EndGlobal
